
Microsoft Visual Studio Solution File, Format Version 12.00
# Visual Studio Version 16
VisualStudioVersion = 16.0.30204.135
MinimumVisualStudioVersion = 10.0.40219.1
Project("{FAE04EC0-301F-11D3-BF4B-00C04F79EFBC}") = "Lab4.1Dice", "Lab4.1Dice.csproj", "{D85635F0-F354-47BC-A889-1E8F90F0EF21}"
EndProject
Global
	GlobalSection(SolutionConfigurationPlatforms) = preSolution
		Debug|Any CPU = Debug|Any CPU
		Release|Any CPU = Release|Any CPU
	EndGlobalSection
	GlobalSection(ProjectConfigurationPlatforms) = postSolution
		{D85635F0-F354-47BC-A889-1E8F90F0EF21}.Debug|Any CPU.ActiveCfg = Debug|Any CPU
		{D85635F0-F354-47BC-A889-1E8F90F0EF21}.Debug|Any CPU.Build.0 = Debug|Any CPU
		{D85635F0-F354-47BC-A889-1E8F90F0EF21}.Release|Any CPU.ActiveCfg = Release|Any CPU
		{D85635F0-F354-47BC-A889-1E8F90F0EF21}.Release|Any CPU.Build.0 = Release|Any CPU
	EndGlobalSection
	GlobalSection(SolutionProperties) = preSolution
		HideSolutionNode = FALSE
	EndGlobalSection
	GlobalSection(ExtensibilityGlobals) = postSolution
		SolutionGuid = {6EB0D22B-C47A-4831-930C-C287A4F46AF1}
	EndGlobalSection
EndGlobal
